
Microsoft Visual Studio Solution File, Format Version 12.00
# Visual Studio Version 17
VisualStudioVersion = 17.1.32228.430
MinimumVisualStudioVersion = 10.0.40219.1
Project("{FAE04EC0-301F-11D3-BF4B-00C04F79EFBC}") = "Lesson01", "Lesson01.csproj", "{8CE44A39-4F29-4246-81B7-864BF495065F}"
EndProject
Global
	GlobalSection(SolutionConfigurationPlatforms) = preSolution
		Debug|Any CPU = Debug|Any CPU
		Release|Any CPU = Release|Any CPU
	EndGlobalSection
	GlobalSection(ProjectConfigurationPlatforms) = postSolution
		{8CE44A39-4F29-4246-81B7-864BF495065F}.Debug|Any CPU.ActiveCfg = Debug|Any CPU
		{8CE44A39-4F29-4246-81B7-864BF495065F}.Debug|Any CPU.Build.0 = Debug|Any CPU
		{8CE44A39-4F29-4246-81B7-864BF495065F}.Release|Any CPU.ActiveCfg = Release|Any CPU
		{8CE44A39-4F29-4246-81B7-864BF495065F}.Release|Any CPU.Build.0 = Release|Any CPU
	EndGlobalSection
	GlobalSection(SolutionProperties) = preSolution
		HideSolutionNode = FALSE
	EndGlobalSection
	GlobalSection(ExtensibilityGlobals) = postSolution
		SolutionGuid = {172F9C40-7C59-4578-AA4B-747A31B19F89}
	EndGlobalSection
EndGlobal
