
Microsoft Visual Studio Solution File, Format Version 12.00
# Visual Studio Version 17
VisualStudioVersion = 17.2.32516.85
MinimumVisualStudioVersion = 10.0.40219.1
Project("{FAE04EC0-301F-11D3-BF4B-00C04F79EFBC}") = "MOHAMMED ABDULLAH_P00193895_Booking", "MOHAMMED ABDULLAH_P00193895_Booking\MOHAMMED ABDULLAH_P00193895_Booking.csproj", "{FAC4DD50-0FED-460E-AB4A-6D75B7A5A8F7}"
EndProject
Global
	GlobalSection(SolutionConfigurationPlatforms) = preSolution
		Debug|Any CPU = Debug|Any CPU
		Release|Any CPU = Release|Any CPU
	EndGlobalSection
	GlobalSection(ProjectConfigurationPlatforms) = postSolution
		{FAC4DD50-0FED-460E-AB4A-6D75B7A5A8F7}.Debug|Any CPU.ActiveCfg = Debug|Any CPU
		{FAC4DD50-0FED-460E-AB4A-6D75B7A5A8F7}.Debug|Any CPU.Build.0 = Debug|Any CPU
		{FAC4DD50-0FED-460E-AB4A-6D75B7A5A8F7}.Release|Any CPU.ActiveCfg = Release|Any CPU
		{FAC4DD50-0FED-460E-AB4A-6D75B7A5A8F7}.Release|Any CPU.Build.0 = Release|Any CPU
	EndGlobalSection
	GlobalSection(SolutionProperties) = preSolution
		HideSolutionNode = FALSE
	EndGlobalSection
	GlobalSection(ExtensibilityGlobals) = postSolution
		SolutionGuid = {A7A7F6ED-A459-4C44-A5A4-F64C82417FA6}
	EndGlobalSection
EndGlobal
